
Microsoft Visual Studio Solution File, Format Version 12.00
# Visual Studio Version 16
VisualStudioVersion = 16.0.31410.357
MinimumVisualStudioVersion = 10.0.40219.1
Project("{9A19103F-16F7-4668-BE54-9A1E7A4F7556}") = "OOP1", "OOP1.csproj", "{9F876BBF-FE04-46D9-B2AB-0488964F4898}"
EndProject
Project("{FAE04EC0-301F-11D3-BF4B-00C04F79EFBC}") = "koleksiyonlar", "..\koleksiyonlar\koleksiyonlar.csproj", "{3B6501BA-39C3-4CFD-9AE5-F89AE9940B4E}"
EndProject
Global
	GlobalSection(SolutionConfigurationPlatforms) = preSolution
		Debug|Any CPU = Debug|Any CPU
		Release|Any CPU = Release|Any CPU
	EndGlobalSection
	GlobalSection(ProjectConfigurationPlatforms) = postSolution
		{9F876BBF-FE04-46D9-B2AB-0488964F4898}.Debug|Any CPU.ActiveCfg = Debug|Any CPU
		{9F876BBF-FE04-46D9-B2AB-0488964F4898}.Debug|Any CPU.Build.0 = Debug|Any CPU
		{9F876BBF-FE04-46D9-B2AB-0488964F4898}.Release|Any CPU.ActiveCfg = Release|Any CPU
		{9F876BBF-FE04-46D9-B2AB-0488964F4898}.Release|Any CPU.Build.0 = Release|Any CPU
		{3B6501BA-39C3-4CFD-9AE5-F89AE9940B4E}.Debug|Any CPU.ActiveCfg = Debug|Any CPU
		{3B6501BA-39C3-4CFD-9AE5-F89AE9940B4E}.Debug|Any CPU.Build.0 = Debug|Any CPU
		{3B6501BA-39C3-4CFD-9AE5-F89AE9940B4E}.Release|Any CPU.ActiveCfg = Release|Any CPU
		{3B6501BA-39C3-4CFD-9AE5-F89AE9940B4E}.Release|Any CPU.Build.0 = Release|Any CPU
	EndGlobalSection
	GlobalSection(SolutionProperties) = preSolution
		HideSolutionNode = FALSE
	EndGlobalSection
	GlobalSection(ExtensibilityGlobals) = postSolution
		SolutionGuid = {720C56AB-75D9-4FCE-BBE1-EC608E066ABB}
	EndGlobalSection
EndGlobal
